{
  "name": "navigation",
  "version": "0.1.0",
  "lockfileVersion": 1,
  "requires": true,
  "dependencies": {
    "ghost-app": {
      "version": "0.0.3",
      "resolved": "https://registry.npmjs.org/ghost-app/-/ghost-app-0.0.3.tgz",
      "integrity": "sha1-gL+pHb9H5Si/YkcjaSKiuDYLck0=",
      "requires": {
        "lodash": "2.4.1",
        "when": "2.5.1"
      }
    },
    "lodash": {
      "version": "2.4.1",
      "resolved": "https://registry.npmjs.org/lodash/-/lodash-2.4.1.tgz",
      "integrity": "sha1-W3cjA03aTSYuWkb7LFjXzCL3FCA="
    },
    "when": {
      "version": "2.5.1",
      "resolved": "https://registry.npmjs.org/when/-/when-2.5.1.tgz",
      "integrity": "sha1-EQloUHXcCWQxCSh+Y2OuXXPqfVM="
    }
  }
}
